Microsoft Visual Studio Solution File, Format Version 12.00
# Visual Studio Version 17
VisualStudioVersion = 17.5.2.0
MinimumVisualStudioVersion = 10.0.40219.1
Project("{FAE04EC0-301F-11D3-BF4B-00C04F79EFBC}") = "BeatNationAPI", "BeatNationAPI.csproj", "{6877C00B-714B-1D4A-B30C-D29BB59C0CBA}"
EndProject
Global
	GlobalSection(SolutionConfigurationPlatforms) = preSolution
		Debug|Any CPU = Debug|Any CPU
		Release|Any CPU = Release|Any CPU
	EndGlobalSection
	GlobalSection(ProjectConfigurationPlatforms) = postSolution
		{6877C00B-714B-1D4A-B30C-D29BB59C0CBA}.Debug|Any CPU.ActiveCfg = Debug|Any CPU
		{6877C00B-714B-1D4A-B30C-D29BB59C0CBA}.Debug|Any CPU.Build.0 = Debug|Any CPU
		{6877C00B-714B-1D4A-B30C-D29BB59C0CBA}.Release|Any CPU.ActiveCfg = Release|Any CPU
		{6877C00B-714B-1D4A-B30C-D29BB59C0CBA}.Release|Any CPU.Build.0 = Release|Any CPU
	EndGlobalSection
	GlobalSection(SolutionProperties) = preSolution
		HideSolutionNode = FALSE
	EndGlobalSection
	GlobalSection(ExtensibilityGlobals) = postSolution
		SolutionGuid = {E1416222-89FF-426C-A9B8-449B0476257F}
	EndGlobalSection
EndGlobal
